
Microsoft Visual Studio Solution File, Format Version 12.00
# Visual Studio Version 17
VisualStudioVersion = 17.13.35825.156 d17.13
MinimumVisualStudioVersion = 10.0.40219.1
Project("{FAE04EC0-301F-11D3-BF4B-00C04F79EFBC}") = "tpmodul5_103022300134", "tpmodul5_103022300134\tpmodul5_103022300134.csproj", "{759ED731-D153-4C5B-881C-C8AFA16AEBB3}"
EndProject
Global
	GlobalSection(SolutionConfigurationPlatforms) = preSolution
		Debug|Any CPU = Debug|Any CPU
		Release|Any CPU = Release|Any CPU
	EndGlobalSection
	GlobalSection(ProjectConfigurationPlatforms) = postSolution
		{759ED731-D153-4C5B-881C-C8AFA16AEBB3}.Debug|Any CPU.ActiveCfg = Debug|Any CPU
		{759ED731-D153-4C5B-881C-C8AFA16AEBB3}.Debug|Any CPU.Build.0 = Debug|Any CPU
		{759ED731-D153-4C5B-881C-C8AFA16AEBB3}.Release|Any CPU.ActiveCfg = Release|Any CPU
		{759ED731-D153-4C5B-881C-C8AFA16AEBB3}.Release|Any CPU.Build.0 = Release|Any CPU
	EndGlobalSection
	GlobalSection(SolutionProperties) = preSolution
		HideSolutionNode = FALSE
	EndGlobalSection
	GlobalSection(ExtensibilityGlobals) = postSolution
		SolutionGuid = {B7DE6A9D-F735-4CC8-865E-4F4EBC8565CC}
	EndGlobalSection
EndGlobal
